
Microsoft Visual Studio Solution File, Format Version 12.00
# Visual Studio Version 16
VisualStudioVersion = 16.0.32106.194
MinimumVisualStudioVersion = 10.0.40219.1
Project("{FAE04EC0-301F-11D3-BF4B-00C04F79EFBC}") = "BT01", "BT01\BT01.csproj", "{7D9FD284-A0A1-4D0F-AB10-0B9AD77C670F}"
EndProject
Global
	GlobalSection(SolutionConfigurationPlatforms) = preSolution
		Debug|Any CPU = Debug|Any CPU
		Release|Any CPU = Release|Any CPU
	EndGlobalSection
	GlobalSection(ProjectConfigurationPlatforms) = postSolution
		{7D9FD284-A0A1-4D0F-AB10-0B9AD77C670F}.Debug|Any CPU.ActiveCfg = Debug|Any CPU
		{7D9FD284-A0A1-4D0F-AB10-0B9AD77C670F}.Debug|Any CPU.Build.0 = Debug|Any CPU
		{7D9FD284-A0A1-4D0F-AB10-0B9AD77C670F}.Release|Any CPU.ActiveCfg = Release|Any CPU
		{7D9FD284-A0A1-4D0F-AB10-0B9AD77C670F}.Release|Any CPU.Build.0 = Release|Any CPU
	EndGlobalSection
	GlobalSection(SolutionProperties) = preSolution
		HideSolutionNode = FALSE
	EndGlobalSection
	GlobalSection(ExtensibilityGlobals) = postSolution
		SolutionGuid = {B7EE0901-6BED-427C-AE4E-12B379CAAB31}
	EndGlobalSection
EndGlobal
